
Microsoft Visual Studio Solution File, Format Version 12.00
# Visual Studio Version 16
VisualStudioVersion = 16.0.29306.81
MinimumVisualStudioVersion = 10.0.40219.1
Project("{FAE04EC0-301F-11D3-BF4B-00C04F79EFBC}") = "Profil-Rechner_Console", "Profil-Rechner_Console\Profil-Rechner_Console.csproj", "{2BDCE8ED-B603-405D-9946-9FE0C9BA2EE5}"
EndProject
Global
	GlobalSection(SolutionConfigurationPlatforms) = preSolution
		Debug|Any CPU = Debug|Any CPU
		Release|Any CPU = Release|Any CPU
	EndGlobalSection
	GlobalSection(ProjectConfigurationPlatforms) = postSolution
		{2BDCE8ED-B603-405D-9946-9FE0C9BA2EE5}.Debug|Any CPU.ActiveCfg = Debug|Any CPU
		{2BDCE8ED-B603-405D-9946-9FE0C9BA2EE5}.Debug|Any CPU.Build.0 = Debug|Any CPU
		{2BDCE8ED-B603-405D-9946-9FE0C9BA2EE5}.Release|Any CPU.ActiveCfg = Release|Any CPU
		{2BDCE8ED-B603-405D-9946-9FE0C9BA2EE5}.Release|Any CPU.Build.0 = Release|Any CPU
	EndGlobalSection
	GlobalSection(SolutionProperties) = preSolution
		HideSolutionNode = FALSE
	EndGlobalSection
	GlobalSection(ExtensibilityGlobals) = postSolution
		SolutionGuid = {29A5FA1B-6D84-4610-9477-EEFDC9EF6AD9}
	EndGlobalSection
EndGlobal
