
Microsoft Visual Studio Solution File, Format Version 12.00
# Visual Studio Version 16
VisualStudioVersion = 16.0.29519.87
MinimumVisualStudioVersion = 10.0.40219.1
Project("{FAE04EC0-301F-11D3-BF4B-00C04F79EFBC}") = "Profil-Rechner_GUI", "Profil-Rechner_GUI\Profil-Rechner_GUI.csproj", "{81F1776D-159A-4700-8145-6176FF40D5FB}"
EndProject
Global
	GlobalSection(SolutionConfigurationPlatforms) = preSolution
		Debug|Any CPU = Debug|Any CPU
		Release|Any CPU = Release|Any CPU
	EndGlobalSection
	GlobalSection(ProjectConfigurationPlatforms) = postSolution
		{81F1776D-159A-4700-8145-6176FF40D5FB}.Debug|Any CPU.ActiveCfg = Debug|Any CPU
		{81F1776D-159A-4700-8145-6176FF40D5FB}.Debug|Any CPU.Build.0 = Debug|Any CPU
		{81F1776D-159A-4700-8145-6176FF40D5FB}.Release|Any CPU.ActiveCfg = Release|Any CPU
		{81F1776D-159A-4700-8145-6176FF40D5FB}.Release|Any CPU.Build.0 = Release|Any CPU
	EndGlobalSection
	GlobalSection(SolutionProperties) = preSolution
		HideSolutionNode = FALSE
	EndGlobalSection
	GlobalSection(ExtensibilityGlobals) = postSolution
		SolutionGuid = {99A91715-18E0-480A-AC6D-552EB8E2476B}
	EndGlobalSection
EndGlobal
